
Microsoft Visual Studio Solution File, Format Version 12.00
# Visual Studio 15
VisualStudioVersion = 15.0.27130.2027
MinimumVisualStudioVersion = 10.0.40219.1
Project("{6EC3EE1D-3C4E-46DD-8F32-0CC8E7565705}") = "JoF.SolarCalcs.Fs.Library.Standard", "JoF.SolarCalcs.Fs.Library.Standard\JoF.SolarCalcs.Fs.Library.Standard.fsproj", "{51C66595-8754-406F-8BAF-E658D3E5AEDA}"
EndProject
Project("{F2A71F9B-5D33-465A-A702-920D77279786}") = "JoF.SolarCalcs.Fs.Tests.Unit", "JoF.SolarCalcs.Fs.Tests.Unit\JoF.SolarCalcs.Fs.Tests.Unit.fsproj", "{990026DE-66A6-48F5-88F0-78DF053B707B}"
EndProject
Project("{2150E333-8FDC-42A3-9474-1A3956D46DE8}") = "SolutionItems", "SolutionItems", "{860B3FEC-77E5-48F5-8CEC-BED53B6F566A}"
	ProjectSection(SolutionItems) = preProject
		.gitignore = .gitignore
	EndProjectSection
EndProject
Global
	GlobalSection(SolutionConfigurationPlatforms) = preSolution
		Debug|Any CPU = Debug|Any CPU
		Release|Any CPU = Release|Any CPU
	EndGlobalSection
	GlobalSection(ProjectConfigurationPlatforms) = postSolution
		{51C66595-8754-406F-8BAF-E658D3E5AEDA}.Debug|Any CPU.ActiveCfg = Debug|Any CPU
		{51C66595-8754-406F-8BAF-E658D3E5AEDA}.Debug|Any CPU.Build.0 = Debug|Any CPU
		{51C66595-8754-406F-8BAF-E658D3E5AEDA}.Release|Any CPU.ActiveCfg = Release|Any CPU
		{51C66595-8754-406F-8BAF-E658D3E5AEDA}.Release|Any CPU.Build.0 = Release|Any CPU
		{990026DE-66A6-48F5-88F0-78DF053B707B}.Debug|Any CPU.ActiveCfg = Debug|Any CPU
		{990026DE-66A6-48F5-88F0-78DF053B707B}.Debug|Any CPU.Build.0 = Debug|Any CPU
		{990026DE-66A6-48F5-88F0-78DF053B707B}.Release|Any CPU.ActiveCfg = Release|Any CPU
		{990026DE-66A6-48F5-88F0-78DF053B707B}.Release|Any CPU.Build.0 = Release|Any CPU
	EndGlobalSection
	GlobalSection(SolutionProperties) = preSolution
		HideSolutionNode = FALSE
	EndGlobalSection
	GlobalSection(ExtensibilityGlobals) = postSolution
		SolutionGuid = {C657FA4B-0DBA-4787-BEE2-F138E314266A}
	EndGlobalSection
EndGlobal
